{
  "version": 4,
  "terraform_version": "1.7.3",
  "serial": 8,
  "lineage": "504406be-b567-07f0-6331-d0f48b979c63",
  "outputs": {
    "vpc_id": {
      "value": "vpc-02e7e364b911a6324",
      "type": "string"
    }
  },
  "resources": [
    {
      "mode": "managed",
      "type": "aws_subnet",
      "name": "mysubnet_rana",
      "provider": "provider[\"registry.terraform.io/hashicorp/aws\"]",
      "instances": [
        {
          "schema_version": 1,
          "attributes": {
            "arn": "arn:aws:ec2:us-west-1:571544216299:subnet/subnet-010f69ee207d04784",
            "assign_ipv6_address_on_creation": false,
            "availability_zone": "us-west-1b",
            "availability_zone_id": "usw1-az1",
            "cidr_block": "10.19.1.0/24",
            "customer_owned_ipv4_pool": "",
            "enable_dns64": false,
            "enable_lni_at_device_index": 0,
            "enable_resource_name_dns_a_record_on_launch": false,
            "enable_resource_name_dns_aaaa_record_on_launch": false,
            "id": "subnet-010f69ee207d04784",
            "ipv6_cidr_block": "",
            "ipv6_cidr_block_association_id": "",
            "ipv6_native": false,
            "map_customer_owned_ip_on_launch": false,
            "map_public_ip_on_launch": false,
            "outpost_arn": "",
            "owner_id": "571544216299",
            "private_dns_hostname_type_on_launch": "ip-name",
            "tags": {
              "Name": "TFchangedSubnet"
            },
            "tags_all": {
              "Name": "TFchangedSubnet"
            },
            "timeouts": null,
            "vpc_id": "vpc-02e7e364b911a6324"
          },
          "sensitive_attributes": [],
          "private": "eyJlMmJmYjczMC1lY2FhLTExZTYtOGY4OC0zNDM2M2JjN2M0YzAiOnsiY3JlYXRlIjo2MDAwMDAwMDAwMDAsImRlbGV0ZSI6MTIwMDAwMDAwMDAwMH0sInNjaGVtYV92ZXJzaW9uIjoiMSJ9",
          "dependencies": [
            "aws_vpc.myvpc_rana"
          ]
        }
      ]
    },
    {
      "mode": "managed",
      "type": "aws_vpc",
      "name": "myvpc_rana",
      "provider": "provider[\"registry.terraform.io/hashicorp/aws\"]",
      "instances": [
        {
          "schema_version": 1,
          "attributes": {
            "arn": "arn:aws:ec2:us-west-1:571544216299:vpc/vpc-02e7e364b911a6324",
            "assign_generated_ipv6_cidr_block": false,
            "cidr_block": "10.19.0.0/16",
            "default_network_acl_id": "acl-0271bdd1796375f2c",
            "default_route_table_id": "rtb-0cbbd5d86cd580bac",
            "default_security_group_id": "sg-0e9d1de9a47acadc2",
            "dhcp_options_id": "dopt-0c6e29ae20e4abb08",
            "enable_dns_hostnames": false,
            "enable_dns_support": true,
            "enable_network_address_usage_metrics": false,
            "id": "vpc-02e7e364b911a6324",
            "instance_tenancy": "default",
            "ipv4_ipam_pool_id": null,
            "ipv4_netmask_length": null,
            "ipv6_association_id": "",
            "ipv6_cidr_block": "",
            "ipv6_cidr_block_network_border_group": "",
            "ipv6_ipam_pool_id": "",
            "ipv6_netmask_length": 0,
            "main_route_table_id": "rtb-0cbbd5d86cd580bac",
            "owner_id": "571544216299",
            "tags": {
              "Name": "myTF_VPC"
            },
            "tags_all": {
              "Name": "myTF_VPC"
            }
          },
          "sensitive_attributes": [],
          "private": "eyJzY2hlbWFfdmVyc2lvbiI6IjEifQ=="
        }
      ]
    }
  ],
  "check_results": null
}
